
Microsoft Visual Studio Solution File, Format Version 12.00
# Visual Studio 14
VisualStudioVersion = 14.0.25420.1
MinimumVisualStudioVersion = 10.0.40219.1
Project("{FAE04EC0-301F-11D3-BF4B-00C04F79EFBC}") = "lns.api", "lns.api\lns.api.csproj", "{9544D098-C742-42C5-B86A-081938852816}"
	ProjectSection(ProjectDependencies) = postProject
		{2016DF25-C064-4419-B1F9-031A039FE98E} = {2016DF25-C064-4419-B1F9-031A039FE98E}
	EndProjectSection
EndProject
Project("{FAE04EC0-301F-11D3-BF4B-00C04F79EFBC}") = "lns.services", "lns.services\lns.services.csproj", "{2016DF25-C064-4419-B1F9-031A039FE98E}"
EndProject
Global
	GlobalSection(SolutionConfigurationPlatforms) = preSolution
		Debug|Any CPU = Debug|Any CPU
		Release|Any CPU = Release|Any CPU
	EndGlobalSection
	GlobalSection(ProjectConfigurationPlatforms) = postSolution
		{9544D098-C742-42C5-B86A-081938852816}.Debug|Any CPU.ActiveCfg = Debug|Any CPU
		{9544D098-C742-42C5-B86A-081938852816}.Debug|Any CPU.Build.0 = Debug|Any CPU
		{9544D098-C742-42C5-B86A-081938852816}.Release|Any CPU.ActiveCfg = Release|Any CPU
		{9544D098-C742-42C5-B86A-081938852816}.Release|Any CPU.Build.0 = Release|Any CPU
		{2016DF25-C064-4419-B1F9-031A039FE98E}.Debug|Any CPU.ActiveCfg = Debug|Any CPU
		{2016DF25-C064-4419-B1F9-031A039FE98E}.Debug|Any CPU.Build.0 = Debug|Any CPU
		{2016DF25-C064-4419-B1F9-031A039FE98E}.Release|Any CPU.ActiveCfg = Release|Any CPU
		{2016DF25-C064-4419-B1F9-031A039FE98E}.Release|Any CPU.Build.0 = Release|Any CPU
	EndGlobalSection
	GlobalSection(SolutionProperties) = preSolution
		HideSolutionNode = FALSE
	EndGlobalSection
EndGlobal
